// !$*UTF8*$!
{
	archiveVersion = 1;
	classes = {
	};
	objectVersion = 50;
	objects = {

/* Begin PBXBuildFile section */
		C51FC0C8228E7A680011574F /* AppDelegate.swift in Sources */ = {isa = PBXBuildFile; fileRef = C51FC0C7228E7A680011574F /* AppDelegate.swift */; };
		C51FC0CA228E7A680011574F /* ViewController.swift in Sources */ = {isa = PBXBuildFile; fileRef = C51FC0C9228E7A680011574F /* ViewController.swift */; };
		C51FC0CD228E7A680011574F /* Main.storyboard in Resources */ = {isa = PBXBuildFile; fileRef = C51FC0CB228E7A680011574F /* Main.storyboard */; };
		C51FC0CF228E7A6A0011574F /* Assets.xcassets in Resources */ = {isa = PBXBuildFile; fileRef = C51FC0CE228E7A6A0011574F /* Assets.xcassets */; };
		C51FC0D2228E7A6A0011574F /* LaunchScreen.storyboard in Resources */ = {isa = PBXBuildFile; fileRef = C51FC0D0228E7A6A0011574F /* LaunchScreen.storyboard */; };
		D20B0B6E408ACB46F271BCDB /* Pods_Poll_For_WhatsApp.framework in Frameworks */ = {isa = PBXBuildFile; fileRef = 773EA6ED5937CBCCE5904AA3 /* Pods_Poll_For_WhatsApp.framework */; };
/* End PBXBuildFile section */

/* Begin PBXFileReference section */
		4B0D8A187DDD7C5CC789D95B /* Pods-Poll For WhatsApp.debug.xcconfig */ = {isa = PBXFileReference; includeInIndex = 1; lastKnownFileType = text.xcconfig; name = "Pods-Poll For WhatsApp.debug.xcconfig"; path = "Target Support Files/Pods-Poll For WhatsApp/Pods-Poll For WhatsApp.debug.xcconfig"; sourceTree = "<group>"; };
		773EA6ED5937CBCCE5904AA3 /* Pods_Poll_For_WhatsApp.framework */ = {isa = PBXFileReference; explicitFileType = wrapper.framework; includeInIndex = 0; path = Pods_Poll_For_WhatsApp.framework; sourceTree = BUILT_PRODUCTS_DIR; };
		C51FC0C4228E7A680011574F /* Poll For WhatsApp.app */ = {isa = PBXFileReference; explicitFileType = wrapper.application; includeInIndex = 0; path = "Poll For WhatsApp.app"; sourceTree = BUILT_PRODUCTS_DIR; };
		C51FC0C7228E7A680011574F /* AppDelegate.swift */ = {isa = PBXFileReference; lastKnownFileType = sourcecode.swift; path = AppDelegate.swift; sourceTree = "<group>"; };
		C51FC0C9228E7A680011574F /* ViewController.swift */ = {isa = PBXFileReference; lastKnownFileType = sourcecode.swift; path = ViewController.swift; sourceTree = "<group>"; };
		C51FC0CC228E7A680011574F /* Base */ = {isa = PBXFileReference; lastKnownFileType = file.storyboard; name = Base; path = Base.lproj/Main.storyboard; sourceTree = "<group>"; };
		C51FC0CE228E7A6A0011574F /* Assets.xcassets */ = {isa = PBXFileReference; lastKnownFileType = folder.assetcatalog; path = Assets.xcassets; sourceTree = "<group>"; };
		C51FC0D1228E7A6A0011574F /* Base */ = {isa = PBXFileReference; lastKnownFileType = file.storyboard; name = Base; path = Base.lproj/LaunchScreen.storyboard; sourceTree = "<group>"; };
		C51FC0D3228E7A6A0011574F /* Info.plist */ = {isa = PBXFileReference; lastKnownFileType = text.plist.xml; path = Info.plist; sourceTree = "<group>"; };
		CD1433ABC572474E0E5F3CC5 /* Pods-Poll For WhatsApp.release.xcconfig */ = {isa = PBXFileReference; includeInIndex = 1; lastKnownFileType = text.xcconfig; name = "Pods-Poll For WhatsApp.release.xcconfig"; path = "Target Support Files/Pods-Poll For WhatsApp/Pods-Poll For WhatsApp.release.xcconfig"; sourceTree = "<group>"; };
/* End PBXFileReference section */

/* Begin PBXFrameworksBuildPhase section */
		C51FC0C1228E7A680011574F /* Frameworks */ = {
			isa = PBXFrameworksBuildPhase;
			buildActionMask = 2147483647;
			files = (
				D20B0B6E408ACB46F271BCDB /* Pods_Poll_For_WhatsApp.framework in Frameworks */,
			);
			runOnlyForDeploymentPostprocessing = 0;
		};
/* End PBXFrameworksBuildPhase section */

/* Begin PBXGroup section */
		3B579EC3F3A641743F88C68D /* Pods */ = {
			isa = PBXGroup;
			children = (
				4B0D8A187DDD7C5CC789D95B /* Pods-Poll For WhatsApp.debug.xcconfig */,
				CD1433ABC572474E0E5F3CC5 /* Pods-Poll For WhatsApp.release.xcconfig */,
			);
			name = Pods;
			path = Pods;
			sourceTree = "<group>";
		};
		A3AD5FDA1F9813503B7E130C /* Frameworks */ = {
			isa = PBXGroup;
			children = (
				773EA6ED5937CBCCE5904AA3 /* Pods_Poll_For_WhatsApp.framework */,
			);
			name = Frameworks;
			sourceTree = "<group>";
		};
		C51FC0BB228E7A680011574F = {
			isa = PBXGroup;
			children = (
				C51FC0C6228E7A680011574F /* Poll For WhatsApp */,
				C51FC0C5228E7A680011574F /* Products */,
				3B579EC3F3A641743F88C68D /* Pods */,
				A3AD5FDA1F9813503B7E130C /* Frameworks */,
			);
			sourceTree = "<group>";
		};
		C51FC0C5228E7A680011574F /* Products */ = {
			isa = PBXGroup;
			children = (
				C51FC0C4228E7A680011574F /* Poll For WhatsApp.app */,
			);
			name = Products;
			sourceTree = "<group>";
		};
		C51FC0C6228E7A680011574F /* Poll For WhatsApp */ = {
			isa = PBXGroup;
			children = (
				C51FC0C7228E7A680011574F /* AppDelegate.swift */,
				C51FC0C9228E7A680011574F /* ViewController.swift */,
				C51FC0CB228E7A680011574F /* Main.storyboard */,
				C51FC0CE228E7A6A0011574F /* Assets.xcassets */,
				C51FC0D0228E7A6A0011574F /* LaunchScreen.storyboard */,
				C51FC0D3228E7A6A0011574F /* Info.plist */,
			);
			path = "Poll For WhatsApp";
			sourceTree = "<group>";
		};
/* End PBXGroup section */

/* Begin PBXNativeTarget section */
		C51FC0C3228E7A680011574F /* Poll For WhatsApp */ = {
			isa = PBXNativeTarget;
			buildConfigurationList = C51FC0D6228E7A6A0011574F /* Build configuration list for PBXNativeTarget "Poll For WhatsApp" */;
			buildPhases = (
				F7C716733128D35D5C94CFCC /* [CP] Check Pods Manifest.lock */,
				C51FC0C0228E7A680011574F /* Sources */,
				C51FC0C1228E7A680011574F /* Frameworks */,
				C51FC0C2228E7A680011574F /* Resources */,
				8596ADD00B29E40CEF3533D9 /* [CP] Embed Pods Frameworks */,
			);
			buildRules = (
			);
			dependencies = (
			);
			name = "Poll For WhatsApp";
			productName = "Poll For WhatsApp";
			productReference = C51FC0C4228E7A680011574F /* Poll For WhatsApp.app */;
			productType = "com.apple.product-type.application";
		};
/* End PBXNativeTarget section */

/* Begin PBXProject section */
		C51FC0BC228E7A680011574F /* Project object */ = {
			isa = PBXProject;
			attributes = {
				LastSwiftUpdateCheck = 1020;
				LastUpgradeCheck = 1020;
				ORGANIZATIONNAME = "Henrique Velloso";
				TargetAttributes = {
					C51FC0C3228E7A680011574F = {
						CreatedOnToolsVersion = 10.2.1;
					};
				};
			};
			buildConfigurationList = C51FC0BF228E7A680011574F /* Build configuration list for PBXProject "Poll For WhatsApp" */;
			compatibilityVersion = "Xcode 9.3";
			developmentRegion = en;
			hasScannedForEncodings = 0;
			knownRegions = (
				en,
				Base,
			);
			mainGroup = C51FC0BB228E7A680011574F;
			productRefGroup = C51FC0C5228E7A680011574F /* Products */;
			projectDirPath = "";
			projectRoot = "";
			targets = (
				C51FC0C3228E7A680011574F /* Poll For WhatsApp */,
			);
		};
/* End PBXProject section */

/* Begin PBXResourcesBuildPhase section */
		C51FC0C2228E7A680011574F /* Resources */ = {
			isa = PBXResourcesBuildPhase;
			buildActionMask = 2147483647;
			files = (
				C51FC0D2228E7A6A0011574F /* LaunchScreen.storyboard in Resources */,
				C51FC0CF228E7A6A0011574F /* Assets.xcassets in Resources */,
				C51FC0CD228E7A680011574F /* Main.storyboard in Resources */,
			);
			runOnlyForDeploymentPostprocessing = 0;
		};
/* End PBXResourcesBuildPhase section */

/* Begin PBXShellScriptBuildPhase section */
		8596ADD00B29E40CEF3533D9 /* [CP] Embed Pods Frameworks */ = {
			isa = PBXShellScriptBuildPhase;
			buildActionMask = 2147483647;
			files = (
			);
			inputFileListPaths = (
			);
			inputPaths = (
				"${PODS_ROOT}/Target Support Files/Pods-Poll For WhatsApp/Pods-Poll For WhatsApp-frameworks.sh",
				"${BUILT_PRODUCTS_DIR}/CountryKit/CountryKit.framework",
				"${BUILT_PRODUCTS_DIR}/GTMSessionFetcher/GTMSessionFetcher.framework",
				"${BUILT_PRODUCTS_DIR}/GoogleUtilities/GoogleUtilities.framework",
				"${BUILT_PRODUCTS_DIR}/IHKeyboardAvoiding/IHKeyboardAvoiding.framework",
				"${BUILT_PRODUCTS_DIR}/SwifterSwift/SwifterSwift.framework",
				"${BUILT_PRODUCTS_DIR}/SwiftyStoreKit/SwiftyStoreKit.framework",
				"${BUILT_PRODUCTS_DIR}/leveldb-library/leveldb.framework",
				"${BUILT_PRODUCTS_DIR}/nanopb/nanopb.framework",
			);
			name = "[CP] Embed Pods Frameworks";
			outputFileListPaths = (
			);
			outputPaths = (
				"${TARGET_BUILD_DIR}/${FRAMEWORKS_FOLDER_PATH}/CountryKit.framework",
				"${TARGET_BUILD_DIR}/${FRAMEWORKS_FOLDER_PATH}/GTMSessionFetcher.framework",
				"${TARGET_BUILD_DIR}/${FRAMEWORKS_FOLDER_PATH}/GoogleUtilities.framework",
				"${TARGET_BUILD_DIR}/${FRAMEWORKS_FOLDER_PATH}/IHKeyboardAvoiding.framework",
				"${TARGET_BUILD_DIR}/${FRAMEWORKS_FOLDER_PATH}/SwifterSwift.framework",
				"${TARGET_BUILD_DIR}/${FRAMEWORKS_FOLDER_PATH}/SwiftyStoreKit.framework",
				"${TARGET_BUILD_DIR}/${FRAMEWORKS_FOLDER_PATH}/leveldb.framework",
				"${TARGET_BUILD_DIR}/${FRAMEWORKS_FOLDER_PATH}/nanopb.framework",
			);
			runOnlyForDeploymentPostprocessing = 0;
			shellPath = /bin/sh;
			shellScript = "\"${PODS_ROOT}/Target Support Files/Pods-Poll For WhatsApp/Pods-Poll For WhatsApp-frameworks.sh\"\n";
			showEnvVarsInLog = 0;
		};
		F7C716733128D35D5C94CFCC /* [CP] Check Pods Manifest.lock */ = {
			isa = PBXShellScriptBuildPhase;
			buildActionMask = 2147483647;
			files = (
			);
			inputFileListPaths = (
			);
			inputPaths = (
				"${PODS_PODFILE_DIR_PATH}/Podfile.lock",
				"${PODS_ROOT}/Manifest.lock",
			);
			name = "[CP] Check Pods Manifest.lock";
			outputFileListPaths = (
			);
			outputPaths = (
				"$(DERIVED_FILE_DIR)/Pods-Poll For WhatsApp-checkManifestLockResult.txt",
			);
			runOnlyForDeploymentPostprocessing = 0;
			shellPath = /bin/sh;
			shellScript = "diff \"${PODS_PODFILE_DIR_PATH}/Podfile.lock\" \"${PODS_ROOT}/Manifest.lock\" > /dev/null\nif [ $? != 0 ] ; then\n    # print error to STDERR\n    echo \"error: The sandbox is not in sync with the Podfile.lock. Run 'pod install' or update your CocoaPods installation.\" >&2\n    exit 1\nfi\n# This output is used by Xcode 'outputs' to avoid re-running this script phase.\necho \"SUCCESS\" > \"${SCRIPT_OUTPUT_FILE_0}\"\n";
			showEnvVarsInLog = 0;
		};
/* End PBXShellScriptBuildPhase section */

/* Begin PBXSourcesBuildPhase section */
		C51FC0C0228E7A680011574F /* Sources */ = {
			isa = PBXSourcesBuildPhase;
			buildActionMask = 2147483647;
			files = (
				C51FC0CA228E7A680011574F /* ViewController.swift in Sources */,
				C51FC0C8228E7A680011574F /* AppDelegate.swift in Sources */,
			);
			runOnlyForDeploymentPostprocessing = 0;
		};
/* End PBXSourcesBuildPhase section */

/* Begin PBXVariantGroup section */
		C51FC0CB228E7A680011574F /* Main.storyboard */ = {
			isa = PBXVariantGroup;
			children = (
				C51FC0CC228E7A680011574F /* Base */,
			);
			name = Main.storyboard;
			sourceTree = "<group>";
		};
		C51FC0D0228E7A6A0011574F /* LaunchScreen.storyboard */ = {
			isa = PBXVariantGroup;
			children = (
				C51FC0D1228E7A6A0011574F /* Base */,
			);
			name = LaunchScreen.storyboard;
			sourceTree = "<group>";
		};
/* End PBXVariantGroup section */

/* Begin XCBuildConfiguration section */
		C51FC0D4228E7A6A0011574F /* Debug */ = {
			isa = XCBuildConfiguration;
			buildSettings = {
				ALWAYS_SEARCH_USER_PATHS = NO;
				CLANG_ANALYZER_NONNULL = YES;
				CLANG_ANALYZER_NUMBER_OBJECT_CONVERSION = YES_AGGRESSIVE;
				CLANG_CXX_LANGUAGE_STANDARD = "gnu++14";
				CLANG_CXX_LIBRARY = "libc++";
				CLANG_ENABLE_MODULES = YES;
				CLANG_ENABLE_OBJC_ARC = YES;
				CLANG_ENABLE_OBJC_WEAK = YES;
				CLANG_WARN_BLOCK_CAPTURE_AUTORELEASING = YES;
				CLANG_WARN_BOOL_CONVERSION = YES;
				CLANG_WARN_COMMA = YES;
				CLANG_WARN_CONSTANT_CONVERSION = YES;
				CLANG_WARN_DEPRECATED_OBJC_IMPLEMENTATIONS = YES;
				CLANG_WARN_DIRECT_OBJC_ISA_USAGE = YES_ERROR;
				CLANG_WARN_DOCUMENTATION_COMMENTS = YES;
				CLANG_WARN_EMPTY_BODY = YES;
				CLANG_WARN_ENUM_CONVERSION = YES;
				CLANG_WARN_INFINITE_RECURSION = YES;
				CLANG_WARN_INT_CONVERSION = YES;
				CLANG_WARN_NON_LITERAL_NULL_CONVERSION = YES;
				CLANG_WARN_OBJC_IMPLICIT_RETAIN_SELF = YES;
				CLANG_WARN_OBJC_LITERAL_CONVERSION = YES;
				CLANG_WARN_OBJC_ROOT_CLASS = YES_ERROR;
				CLANG_WARN_RANGE_LOOP_ANALYSIS = YES;
				CLANG_WARN_STRICT_PROTOTYPES = YES;
				CLANG_WARN_SUSPICIOUS_MOVE = YES;
				CLANG_WARN_UNGUARDED_AVAILABILITY = YES_AGGRESSIVE;
				CLANG_WARN_UNREACHABLE_CODE = YES;
				CLANG_WARN__DUPLICATE_METHOD_MATCH = YES;
				CODE_SIGN_IDENTITY = "iPhone Developer";
				COPY_PHASE_STRIP = NO;
				DEBUG_INFORMATION_FORMAT = dwarf;
				ENABLE_STRICT_OBJC_MSGSEND = YES;
				ENABLE_TESTABILITY = YES;
				GCC_C_LANGUAGE_STANDARD = gnu11;
				GCC_DYNAMIC_NO_PIC = NO;
				GCC_NO_COMMON_BLOCKS = YES;
				GCC_OPTIMIZATION_LEVEL = 0;
				GCC_PREPROCESSOR_DEFINITIONS = (
					"DEBUG=1",
					"$(inherited)",
				);
				GCC_WARN_64_TO_32_BIT_CONVERSION = YES;
				GCC_WARN_ABOUT_RETURN_TYPE = YES_ERROR;
				GCC_WARN_UNDECLARED_SELECTOR = YES;
				GCC_WARN_UNINITIALIZED_AUTOS = YES_AGGRESSIVE;
				GCC_WARN_UNUSED_FUNCTION = YES;
				GCC_WARN_UNUSED_VARIABLE = YES;
				IPHONEOS_DEPLOYMENT_TARGET = 12.2;
				MTL_ENABLE_DEBUG_INFO = INCLUDE_SOURCE;
				MTL_FAST_MATH = YES;
				ONLY_ACTIVE_ARCH = YES;
				SDKROOT = iphoneos;
				SWIFT_ACTIVE_COMPILATION_CONDITIONS = DEBUG;
				SWIFT_OPTIMIZATION_LEVEL = "-Onone";
			};
			name = Debug;
		};
		C51FC0D5228E7A6A0011574F /* Release */ = {
			isa = XCBuildConfiguration;
			buildSettings = {
				ALWAYS_SEARCH_USER_PATHS = NO;
				CLANG_ANALYZER_NONNULL = YES;
				CLANG_ANALYZER_NUMBER_OBJECT_CONVERSION = YES_AGGRESSIVE;
				CLANG_CXX_LANGUAGE_STANDARD = "gnu++14";
				CLANG_CXX_LIBRARY = "libc++";
				CLANG_ENABLE_MODULES = YES;
				CLANG_ENABLE_OBJC_ARC = YES;
				CLANG_ENABLE_OBJC_WEAK = YES;
				CLANG_WARN_BLOCK_CAPTURE_AUTORELEASING = YES;
				CLANG_WARN_BOOL_CONVERSION = YES;
				CLANG_WARN_COMMA = YES;
				CLANG_WARN_CONSTANT_CONVERSION = YES;
				CLANG_WARN_DEPRECATED_OBJC_IMPLEMENTATIONS = YES;
				CLANG_WARN_DIRECT_OBJC_ISA_USAGE = YES_ERROR;
				CLANG_WARN_DOCUMENTATION_COMMENTS = YES;
				CLANG_WARN_EMPTY_BODY = YES;
				CLANG_WARN_ENUM_CONVERSION = YES;
				CLANG_WARN_INFINITE_RECURSION = YES;
				CLANG_WARN_INT_CONVERSION = YES;
				CLANG_WARN_NON_LITERAL_NULL_CONVERSION = YES;
				CLANG_WARN_OBJC_IMPLICIT_RETAIN_SELF = YES;
				CLANG_WARN_OBJC_LITERAL_CONVERSION = YES;
				CLANG_WARN_OBJC_ROOT_CLASS = YES_ERROR;
				CLANG_WARN_RANGE_LOOP_ANALYSIS = YES;
				CLANG_WARN_STRICT_PROTOTYPES = YES;
				CLANG_WARN_SUSPICIOUS_MOVE = YES;
				CLANG_WARN_UNGUARDED_AVAILABILITY = YES_AGGRESSIVE;
				CLANG_WARN_UNREACHABLE_CODE = YES;
				CLANG_WARN__DUPLICATE_METHOD_MATCH = YES;
				CODE_SIGN_IDENTITY = "iPhone Developer";
				COPY_PHASE_STRIP = NO;
				DEBUG_INFORMATION_FORMAT = "dwarf-with-dsym";
				ENABLE_NS_ASSERTIONS = NO;
				ENABLE_STRICT_OBJC_MSGSEND = YES;
				GCC_C_LANGUAGE_STANDARD = gnu11;
				GCC_NO_COMMON_BLOCKS = YES;
				GCC_WARN_64_TO_32_BIT_CONVERSION = YES;
				GCC_WARN_ABOUT_RETURN_TYPE = YES_ERROR;
				GCC_WARN_UNDECLARED_SELECTOR = YES;
				GCC_WARN_UNINITIALIZED_AUTOS = YES_AGGRESSIVE;
				GCC_WARN_UNUSED_FUNCTION = YES;
				GCC_WARN_UNUSED_VARIABLE = YES;
				IPHONEOS_DEPLOYMENT_TARGET = 12.2;
				MTL_ENABLE_DEBUG_INFO = NO;
				MTL_FAST_MATH = YES;
				SDKROOT = iphoneos;
				SWIFT_COMPILATION_MODE = wholemodule;
				SWIFT_OPTIMIZATION_LEVEL = "-O";
				VALIDATE_PRODUCT = YES;
			};
			name = Release;
		};
		C51FC0D7228E7A6A0011574F /* Debug */ = {
			isa = XCBuildConfiguration;
			baseConfigurationReference = 4B0D8A187DDD7C5CC789D95B /* Pods-Poll For WhatsApp.debug.xcconfig */;
			buildSettings = {
				ASSETCATALOG_COMPILER_APPICON_NAME = AppIcon;
				CODE_SIGN_STYLE = Automatic;
				DEVELOPMENT_TEAM = DNPZJLD62G;
				INFOPLIST_FILE = "Poll For WhatsApp/Info.plist";
				LD_RUNPATH_SEARCH_PATHS = (
					"$(inherited)",
					"@executable_path/Frameworks",
				);
				PRODUCT_BUNDLE_IDENTIFIER = "com.HenriqueVelloso.PollForWhatsApp.Poll-For-WhatsApp";
				PRODUCT_NAME = "$(TARGET_NAME)";
				SWIFT_VERSION = 5.0;
				TARGETED_DEVICE_FAMILY = "1,2";
			};
			name = Debug;
		};
		C51FC0D8228E7A6A0011574F /* Release */ = {
			isa = XCBuildConfiguration;
			baseConfigurationReference = CD1433ABC572474E0E5F3CC5 /* Pods-Poll For WhatsApp.release.xcconfig */;
			buildSettings = {
				ASSETCATALOG_COMPILER_APPICON_NAME = AppIcon;
				CODE_SIGN_STYLE = Automatic;
				DEVELOPMENT_TEAM = DNPZJLD62G;
				INFOPLIST_FILE = "Poll For WhatsApp/Info.plist";
				LD_RUNPATH_SEARCH_PATHS = (
					"$(inherited)",
					"@executable_path/Frameworks",
				);
				PRODUCT_BUNDLE_IDENTIFIER = "com.HenriqueVelloso.PollForWhatsApp.Poll-For-WhatsApp";
				PRODUCT_NAME = "$(TARGET_NAME)";
				SWIFT_VERSION = 5.0;
				TARGETED_DEVICE_FAMILY = "1,2";
			};
			name = Release;
		};
/* End XCBuildConfiguration section */

/* Begin XCConfigurationList section */
		C51FC0BF228E7A680011574F /* Build configuration list for PBXProject "Poll For WhatsApp" */ = {
			isa = XCConfigurationList;
			buildConfigurations = (
				C51FC0D4228E7A6A0011574F /* Debug */,
				C51FC0D5228E7A6A0011574F /* Release */,
			);
			defaultConfigurationIsVisible = 0;
			defaultConfigurationName = Release;
		};
		C51FC0D6228E7A6A0011574F /* Build configuration list for PBXNativeTarget "Poll For WhatsApp" */ = {
			isa = XCConfigurationList;
			buildConfigurations = (
				C51FC0D7228E7A6A0011574F /* Debug */,
				C51FC0D8228E7A6A0011574F /* Release */,
			);
			defaultConfigurationIsVisible = 0;
			defaultConfigurationName = Release;
		};
/* End XCConfigurationList section */
	};
	rootObject = C51FC0BC228E7A680011574F /* Project object */;
}
